// !$*UTF8*$!
{
	archiveVersion = 1;
	classes = {
	};
	objectVersion = 46;
	objects = {

/* Begin PBXBuildFile section */
		009129271F5DBE880030D872 /* main.m in Sources */ = {isa = PBXBuildFile; fileRef = 009129261F5DBE880030D872 /* main.m */; };
		0091292A1F5DBE880030D872 /* AppDelegate.m in Sources */ = {isa = PBXBuildFile; fileRef = 009129291F5DBE880030D872 /* AppDelegate.m */; };
		0091292D1F5DBE880030D872 /* ViewController.m in Sources */ = {isa = PBXBuildFile; fileRef = 0091292C1F5DBE880030D872 /* ViewController.m */; };
		009129301F5DBE880030D872 /* Main.storyboard in Resources */ = {isa = PBXBuildFile; fileRef = 0091292E1F5DBE880030D872 /* Main.storyboard */; };
		009129321F5DBE880030D872 /* Assets.xcassets in Resources */ = {isa = PBXBuildFile; fileRef = 009129311F5DBE880030D872 /* Assets.xcassets */; };
		009129351F5DBE880030D872 /* LaunchScreen.storyboard in Resources */ = {isa = PBXBuildFile; fileRef = 009129331F5DBE880030D872 /* LaunchScreen.storyboard */; };
		0091293F1F5DBFA80030D872 /* IDLocalizationManager.m in Sources */ = {isa = PBXBuildFile; fileRef = 0091293E1F5DBFA80030D872 /* IDLocalizationManager.m */; };
		0091295B1F5DC22F0030D872 /* Localizable.strings in Resources */ = {isa = PBXBuildFile; fileRef = 0091295D1F5DC22F0030D872 /* Localizable.strings */; };
/* End PBXBuildFile section */

/* Begin PBXFileReference section */
		009129221F5DBE880030D872 /* IDLocalizationManagerDemo.app */ = {isa = PBXFileReference; explicitFileType = wrapper.application; includeInIndex = 0; path = IDLocalizationManagerDemo.app; sourceTree = BUILT_PRODUCTS_DIR; };
		009129261F5DBE880030D872 /* main.m */ = {isa = PBXFileReference; lastKnownFileType = sourcecode.c.objc; path = main.m; sourceTree = "<group>"; };
		009129281F5DBE880030D872 /* AppDelegate.h */ = {isa = PBXFileReference; lastKnownFileType = sourcecode.c.h; path = AppDelegate.h; sourceTree = "<group>"; };
		009129291F5DBE880030D872 /* AppDelegate.m */ = {isa = PBXFileReference; lastKnownFileType = sourcecode.c.objc; path = AppDelegate.m; sourceTree = "<group>"; };
		0091292B1F5DBE880030D872 /* ViewController.h */ = {isa = PBXFileReference; lastKnownFileType = sourcecode.c.h; path = ViewController.h; sourceTree = "<group>"; };
		0091292C1F5DBE880030D872 /* ViewController.m */ = {isa = PBXFileReference; lastKnownFileType = sourcecode.c.objc; path = ViewController.m; sourceTree = "<group>"; };
		0091292F1F5DBE880030D872 /* Base */ = {isa = PBXFileReference; lastKnownFileType = file.storyboard; name = Base; path = Base.lproj/Main.storyboard; sourceTree = "<group>"; };
		009129311F5DBE880030D872 /* Assets.xcassets */ = {isa = PBXFileReference; lastKnownFileType = folder.assetcatalog; path = Assets.xcassets; sourceTree = "<group>"; };
		009129341F5DBE880030D872 /* Base */ = {isa = PBXFileReference; lastKnownFileType = file.storyboard; name = Base; path = Base.lproj/LaunchScreen.storyboard; sourceTree = "<group>"; };
		009129361F5DBE880030D872 /* Info.plist */ = {isa = PBXFileReference; lastKnownFileType = text.plist.xml; path = Info.plist; sourceTree = "<group>"; };
		0091293D1F5DBFA80030D872 /* IDLocalizationManager.h */ = {isa = PBXFileReference; fileEncoding = 4; lastKnownFileType = sourcecode.c.h; path = IDLocalizationManager.h; sourceTree = "<group>"; };
		0091293E1F5DBFA80030D872 /* IDLocalizationManager.m */ = {isa = PBXFileReference; fileEncoding = 4; lastKnownFileType = sourcecode.c.objc; path = IDLocalizationManager.m; sourceTree = "<group>"; };
		0091294F1F5DC1810030D872 /* fr */ = {isa = PBXFileReference; lastKnownFileType = text.plist.strings; name = fr; path = fr.lproj/Main.strings; sourceTree = "<group>"; };
		009129501F5DC18D0030D872 /* zh-Hans */ = {isa = PBXFileReference; lastKnownFileType = text.plist.strings; name = "zh-Hans"; path = "zh-Hans.lproj/Main.strings"; sourceTree = "<group>"; };
		009129511F5DC1990030D872 /* ja */ = {isa = PBXFileReference; lastKnownFileType = text.plist.strings; name = ja; path = ja.lproj/Main.strings; sourceTree = "<group>"; };
		009129521F5DC1990030D872 /* ja */ = {isa = PBXFileReference; lastKnownFileType = text.plist.strings; name = ja; path = ja.lproj/LaunchScreen.strings; sourceTree = "<group>"; };
		009129531F5DC19E0030D872 /* it */ = {isa = PBXFileReference; lastKnownFileType = text.plist.strings; name = it; path = it.lproj/Main.strings; sourceTree = "<group>"; };
		009129541F5DC19E0030D872 /* it */ = {isa = PBXFileReference; lastKnownFileType = text.plist.strings; name = it; path = it.lproj/LaunchScreen.strings; sourceTree = "<group>"; };
		009129551F5DC1A50030D872 /* nl */ = {isa = PBXFileReference; lastKnownFileType = text.plist.strings; name = nl; path = nl.lproj/Main.strings; sourceTree = "<group>"; };
		009129561F5DC1A50030D872 /* nl */ = {isa = PBXFileReference; lastKnownFileType = text.plist.strings; name = nl; path = nl.lproj/LaunchScreen.strings; sourceTree = "<group>"; };
		009129571F5DC1E00030D872 /* es */ = {isa = PBXFileReference; lastKnownFileType = text.plist.strings; name = es; path = es.lproj/Main.strings; sourceTree = "<group>"; };
		009129581F5DC1E00030D872 /* es */ = {isa = PBXFileReference; lastKnownFileType = text.plist.strings; name = es; path = es.lproj/LaunchScreen.strings; sourceTree = "<group>"; };
		009129591F5DC2230030D872 /* hi-IN */ = {isa = PBXFileReference; lastKnownFileType = text.plist.strings; name = "hi-IN"; path = "hi-IN.lproj/Main.strings"; sourceTree = "<group>"; };
		0091295A1F5DC2230030D872 /* hi-IN */ = {isa = PBXFileReference; lastKnownFileType = text.plist.strings; name = "hi-IN"; path = "hi-IN.lproj/LaunchScreen.strings"; sourceTree = "<group>"; };
		0091295C1F5DC22F0030D872 /* en */ = {isa = PBXFileReference; lastKnownFileType = text.plist.strings; name = en; path = en.lproj/Localizable.strings; sourceTree = "<group>"; };
		0091295E1F5DC2310030D872 /* fr */ = {isa = PBXFileReference; lastKnownFileType = text.plist.strings; name = fr; path = fr.lproj/Localizable.strings; sourceTree = "<group>"; };
		0091295F1F5DC2320030D872 /* zh-Hans */ = {isa = PBXFileReference; lastKnownFileType = text.plist.strings; name = "zh-Hans"; path = "zh-Hans.lproj/Localizable.strings"; sourceTree = "<group>"; };
		009129601F5DC2330030D872 /* ja */ = {isa = PBXFileReference; lastKnownFileType = text.plist.strings; name = ja; path = ja.lproj/Localizable.strings; sourceTree = "<group>"; };
		009129611F5DC2330030D872 /* it */ = {isa = PBXFileReference; lastKnownFileType = text.plist.strings; name = it; path = it.lproj/Localizable.strings; sourceTree = "<group>"; };
		009129621F5DC2340030D872 /* nl */ = {isa = PBXFileReference; lastKnownFileType = text.plist.strings; name = nl; path = nl.lproj/Localizable.strings; sourceTree = "<group>"; };
		009129631F5DC2360030D872 /* es */ = {isa = PBXFileReference; lastKnownFileType = text.plist.strings; name = es; path = es.lproj/Localizable.strings; sourceTree = "<group>"; };
		009129641F5DC2370030D872 /* hi-IN */ = {isa = PBXFileReference; lastKnownFileType = text.plist.strings; name = "hi-IN"; path = "hi-IN.lproj/Localizable.strings"; sourceTree = "<group>"; };
		009129651F5DCC8C0030D872 /* pa-IN */ = {isa = PBXFileReference; lastKnownFileType = text.plist.strings; name = "pa-IN"; path = "pa-IN.lproj/Main.strings"; sourceTree = "<group>"; };
		009129661F5DCC8C0030D872 /* pa-IN */ = {isa = PBXFileReference; lastKnownFileType = text.plist.strings; name = "pa-IN"; path = "pa-IN.lproj/LaunchScreen.strings"; sourceTree = "<group>"; };
		009129671F5DCC8D0030D872 /* pa-IN */ = {isa = PBXFileReference; lastKnownFileType = text.plist.strings; name = "pa-IN"; path = "pa-IN.lproj/Localizable.strings"; sourceTree = "<group>"; };
/* End PBXFileReference section */

/* Begin PBXFrameworksBuildPhase section */
		0091291F1F5DBE880030D872 /* Frameworks */ = {
			isa = PBXFrameworksBuildPhase;
			buildActionMask = 2147483647;
			files = (
			);
			runOnlyForDeploymentPostprocessing = 0;
		};
/* End PBXFrameworksBuildPhase section */

/* Begin PBXGroup section */
		009129191F5DBE880030D872 = {
			isa = PBXGroup;
			children = (
				0091293C1F5DBFA80030D872 /* IDLocalizationManager */,
				009129241F5DBE880030D872 /* IDLocalizationManagerDemo */,
				009129231F5DBE880030D872 /* Products */,
			);
			sourceTree = "<group>";
		};
		009129231F5DBE880030D872 /* Products */ = {
			isa = PBXGroup;
			children = (
				009129221F5DBE880030D872 /* IDLocalizationManagerDemo.app */,
			);
			name = Products;
			sourceTree = "<group>";
		};
		009129241F5DBE880030D872 /* IDLocalizationManagerDemo */ = {
			isa = PBXGroup;
			children = (
				009129471F5DC0CE0030D872 /* AppDelegate */,
				009129481F5DC0DE0030D872 /* ViewControllers */,
				0091294C1F5DC1160030D872 /* Views */,
				009129491F5DC0F50030D872 /* Resources */,
				009129251F5DBE880030D872 /* Supporting Files */,
			);
			path = IDLocalizationManagerDemo;
			sourceTree = "<group>";
		};
		009129251F5DBE880030D872 /* Supporting Files */ = {
			isa = PBXGroup;
			children = (
				009129361F5DBE880030D872 /* Info.plist */,
				009129261F5DBE880030D872 /* main.m */,
			);
			name = "Supporting Files";
			sourceTree = "<group>";
		};
		0091293C1F5DBFA80030D872 /* IDLocalizationManager */ = {
			isa = PBXGroup;
			children = (
				0091293D1F5DBFA80030D872 /* IDLocalizationManager.h */,
				0091293E1F5DBFA80030D872 /* IDLocalizationManager.m */,
			);
			path = IDLocalizationManager;
			sourceTree = "<group>";
		};
		009129471F5DC0CE0030D872 /* AppDelegate */ = {
			isa = PBXGroup;
			children = (
				009129281F5DBE880030D872 /* AppDelegate.h */,
				009129291F5DBE880030D872 /* AppDelegate.m */,
			);
			name = AppDelegate;
			sourceTree = "<group>";
		};
		009129481F5DC0DE0030D872 /* ViewControllers */ = {
			isa = PBXGroup;
			children = (
				0091292B1F5DBE880030D872 /* ViewController.h */,
				0091292C1F5DBE880030D872 /* ViewController.m */,
			);
			name = ViewControllers;
			sourceTree = "<group>";
		};
		009129491F5DC0F50030D872 /* Resources */ = {
			isa = PBXGroup;
			children = (
				0091294A1F5DC1030030D872 /* Slicing */,
				0091294B1F5DC10B0030D872 /* Localization */,
			);
			name = Resources;
			sourceTree = "<group>";
		};
		0091294A1F5DC1030030D872 /* Slicing */ = {
			isa = PBXGroup;
			children = (
				009129311F5DBE880030D872 /* Assets.xcassets */,
			);
			name = Slicing;
			sourceTree = "<group>";
		};
		0091294B1F5DC10B0030D872 /* Localization */ = {
			isa = PBXGroup;
			children = (
				0091295D1F5DC22F0030D872 /* Localizable.strings */,
			);
			name = Localization;
			sourceTree = "<group>";
		};
		0091294C1F5DC1160030D872 /* Views */ = {
			isa = PBXGroup;
			children = (
				0091292E1F5DBE880030D872 /* Main.storyboard */,
				009129331F5DBE880030D872 /* LaunchScreen.storyboard */,
			);
			name = Views;
			sourceTree = "<group>";
		};
/* End PBXGroup section */

/* Begin PBXNativeTarget section */
		009129211F5DBE880030D872 /* IDLocalizationManagerDemo */ = {
			isa = PBXNativeTarget;
			buildConfigurationList = 009129391F5DBE890030D872 /* Build configuration list for PBXNativeTarget "IDLocalizationManagerDemo" */;
			buildPhases = (
				0091291E1F5DBE880030D872 /* Sources */,
				0091291F1F5DBE880030D872 /* Frameworks */,
				009129201F5DBE880030D872 /* Resources */,
			);
			buildRules = (
			);
			dependencies = (
			);
			name = IDLocalizationManagerDemo;
			productName = IDLocalizationManagerDemo;
			productReference = 009129221F5DBE880030D872 /* IDLocalizationManagerDemo.app */;
			productType = "com.apple.product-type.application";
		};
/* End PBXNativeTarget section */

/* Begin PBXProject section */
		0091291A1F5DBE880030D872 /* Project object */ = {
			isa = PBXProject;
			attributes = {
				LastUpgradeCheck = 0830;
				ORGANIZATIONNAME = InsanelyDeepak;
				TargetAttributes = {
					009129211F5DBE880030D872 = {
						CreatedOnToolsVersion = 8.3.3;
						ProvisioningStyle = Automatic;
					};
				};
			};
			buildConfigurationList = 0091291D1F5DBE880030D872 /* Build configuration list for PBXProject "IDLocalizationManagerDemo" */;
			compatibilityVersion = "Xcode 3.2";
			developmentRegion = English;
			hasScannedForEncodings = 0;
			knownRegions = (
				en,
				Base,
				fr,
				"zh-Hans",
				ja,
				it,
				nl,
				es,
				"hi-IN",
				"pa-IN",
			);
			mainGroup = 009129191F5DBE880030D872;
			productRefGroup = 009129231F5DBE880030D872 /* Products */;
			projectDirPath = "";
			projectRoot = "";
			targets = (
				009129211F5DBE880030D872 /* IDLocalizationManagerDemo */,
			);
		};
/* End PBXProject section */

/* Begin PBXResourcesBuildPhase section */
		009129201F5DBE880030D872 /* Resources */ = {
			isa = PBXResourcesBuildPhase;
			buildActionMask = 2147483647;
			files = (
				009129351F5DBE880030D872 /* LaunchScreen.storyboard in Resources */,
				0091295B1F5DC22F0030D872 /* Localizable.strings in Resources */,
				009129321F5DBE880030D872 /* Assets.xcassets in Resources */,
				009129301F5DBE880030D872 /* Main.storyboard in Resources */,
			);
			runOnlyForDeploymentPostprocessing = 0;
		};
/* End PBXResourcesBuildPhase section */

/* Begin PBXSourcesBuildPhase section */
		0091291E1F5DBE880030D872 /* Sources */ = {
			isa = PBXSourcesBuildPhase;
			buildActionMask = 2147483647;
			files = (
				0091292D1F5DBE880030D872 /* ViewController.m in Sources */,
				0091292A1F5DBE880030D872 /* AppDelegate.m in Sources */,
				009129271F5DBE880030D872 /* main.m in Sources */,
				0091293F1F5DBFA80030D872 /* IDLocalizationManager.m in Sources */,
			);
			runOnlyForDeploymentPostprocessing = 0;
		};
/* End PBXSourcesBuildPhase section */

/* Begin PBXVariantGroup section */
		0091292E1F5DBE880030D872 /* Main.storyboard */ = {
			isa = PBXVariantGroup;
			children = (
				0091292F1F5DBE880030D872 /* Base */,
				0091294F1F5DC1810030D872 /* fr */,
				009129501F5DC18D0030D872 /* zh-Hans */,
				009129511F5DC1990030D872 /* ja */,
				009129531F5DC19E0030D872 /* it */,
				009129551F5DC1A50030D872 /* nl */,
				009129571F5DC1E00030D872 /* es */,
				009129591F5DC2230030D872 /* hi-IN */,
				009129651F5DCC8C0030D872 /* pa-IN */,
			);
			name = Main.storyboard;
			sourceTree = "<group>";
		};
		009129331F5DBE880030D872 /* LaunchScreen.storyboard */ = {
			isa = PBXVariantGroup;
			children = (
				009129341F5DBE880030D872 /* Base */,
				009129521F5DC1990030D872 /* ja */,
				009129541F5DC19E0030D872 /* it */,
				009129561F5DC1A50030D872 /* nl */,
				009129581F5DC1E00030D872 /* es */,
				0091295A1F5DC2230030D872 /* hi-IN */,
				009129661F5DCC8C0030D872 /* pa-IN */,
			);
			name = LaunchScreen.storyboard;
			sourceTree = "<group>";
		};
		0091295D1F5DC22F0030D872 /* Localizable.strings */ = {
			isa = PBXVariantGroup;
			children = (
				0091295C1F5DC22F0030D872 /* en */,
				0091295E1F5DC2310030D872 /* fr */,
				0091295F1F5DC2320030D872 /* zh-Hans */,
				009129601F5DC2330030D872 /* ja */,
				009129611F5DC2330030D872 /* it */,
				009129621F5DC2340030D872 /* nl */,
				009129631F5DC2360030D872 /* es */,
				009129641F5DC2370030D872 /* hi-IN */,
				009129671F5DCC8D0030D872 /* pa-IN */,
			);
			name = Localizable.strings;
			sourceTree = "<group>";
		};
/* End PBXVariantGroup section */

/* Begin XCBuildConfiguration section */
		009129371F5DBE890030D872 /* Debug */ = {
			isa = XCBuildConfiguration;
			buildSettings = {
				ALWAYS_SEARCH_USER_PATHS = NO;
				CLANG_ANALYZER_LOCALIZABILITY_NONLOCALIZED = YES;
				CLANG_ANALYZER_NONNULL = YES;
				CLANG_ANALYZER_NUMBER_OBJECT_CONVERSION = YES_AGGRESSIVE;
				CLANG_CXX_LANGUAGE_STANDARD = "gnu++0x";
				CLANG_CXX_LIBRARY = "libc++";
				CLANG_ENABLE_MODULES = YES;
				CLANG_ENABLE_OBJC_ARC = YES;
				CLANG_WARN_BOOL_CONVERSION = YES;
				CLANG_WARN_CONSTANT_CONVERSION = YES;
				CLANG_WARN_DIRECT_OBJC_ISA_USAGE = YES_ERROR;
				CLANG_WARN_DOCUMENTATION_COMMENTS = YES;
				CLANG_WARN_EMPTY_BODY = YES;
				CLANG_WARN_ENUM_CONVERSION = YES;
				CLANG_WARN_INFINITE_RECURSION = YES;
				CLANG_WARN_INT_CONVERSION = YES;
				CLANG_WARN_OBJC_ROOT_CLASS = YES_ERROR;
				CLANG_WARN_SUSPICIOUS_MOVE = YES;
				CLANG_WARN_UNREACHABLE_CODE = YES;
				CLANG_WARN__DUPLICATE_METHOD_MATCH = YES;
				"CODE_SIGN_IDENTITY[sdk=iphoneos*]" = "iPhone Developer";
				COPY_PHASE_STRIP = NO;
				DEBUG_INFORMATION_FORMAT = dwarf;
				ENABLE_STRICT_OBJC_MSGSEND = YES;
				ENABLE_TESTABILITY = YES;
				GCC_C_LANGUAGE_STANDARD = gnu99;
				GCC_DYNAMIC_NO_PIC = NO;
				GCC_NO_COMMON_BLOCKS = YES;
				GCC_OPTIMIZATION_LEVEL = 0;
				GCC_PREPROCESSOR_DEFINITIONS = (
					"DEBUG=1",
					"$(inherited)",
				);
				GCC_WARN_64_TO_32_BIT_CONVERSION = YES;
				GCC_WARN_ABOUT_RETURN_TYPE = YES_ERROR;
				GCC_WARN_UNDECLARED_SELECTOR = YES;
				GCC_WARN_UNINITIALIZED_AUTOS = YES_AGGRESSIVE;
				GCC_WARN_UNUSED_FUNCTION = YES;
				GCC_WARN_UNUSED_VARIABLE = YES;
				IPHONEOS_DEPLOYMENT_TARGET = 10.3;
				MTL_ENABLE_DEBUG_INFO = YES;
				ONLY_ACTIVE_ARCH = YES;
				SDKROOT = iphoneos;
			};
			name = Debug;
		};
		009129381F5DBE890030D872 /* Release */ = {
			isa = XCBuildConfiguration;
			buildSettings = {
				ALWAYS_SEARCH_USER_PATHS = NO;
				CLANG_ANALYZER_LOCALIZABILITY_NONLOCALIZED = YES;
				CLANG_ANALYZER_NONNULL = YES;
				CLANG_ANALYZER_NUMBER_OBJECT_CONVERSION = YES_AGGRESSIVE;
				CLANG_CXX_LANGUAGE_STANDARD = "gnu++0x";
				CLANG_CXX_LIBRARY = "libc++";
				CLANG_ENABLE_MODULES = YES;
				CLANG_ENABLE_OBJC_ARC = YES;
				CLANG_WARN_BOOL_CONVERSION = YES;
				CLANG_WARN_CONSTANT_CONVERSION = YES;
				CLANG_WARN_DIRECT_OBJC_ISA_USAGE = YES_ERROR;
				CLANG_WARN_DOCUMENTATION_COMMENTS = YES;
				CLANG_WARN_EMPTY_BODY = YES;
				CLANG_WARN_ENUM_CONVERSION = YES;
				CLANG_WARN_INFINITE_RECURSION = YES;
				CLANG_WARN_INT_CONVERSION = YES;
				CLANG_WARN_OBJC_ROOT_CLASS = YES_ERROR;
				CLANG_WARN_SUSPICIOUS_MOVE = YES;
				CLANG_WARN_UNREACHABLE_CODE = YES;
				CLANG_WARN__DUPLICATE_METHOD_MATCH = YES;
				"CODE_SIGN_IDENTITY[sdk=iphoneos*]" = "iPhone Developer";
				COPY_PHASE_STRIP = NO;
				DEBUG_INFORMATION_FORMAT = "dwarf-with-dsym";
				ENABLE_NS_ASSERTIONS = NO;
				ENABLE_STRICT_OBJC_MSGSEND = YES;
				GCC_C_LANGUAGE_STANDARD = gnu99;
				GCC_NO_COMMON_BLOCKS = YES;
				GCC_WARN_64_TO_32_BIT_CONVERSION = YES;
				GCC_WARN_ABOUT_RETURN_TYPE = YES_ERROR;
				GCC_WARN_UNDECLARED_SELECTOR = YES;
				GCC_WARN_UNINITIALIZED_AUTOS = YES_AGGRESSIVE;
				GCC_WARN_UNUSED_FUNCTION = YES;
				GCC_WARN_UNUSED_VARIABLE = YES;
				IPHONEOS_DEPLOYMENT_TARGET = 10.3;
				MTL_ENABLE_DEBUG_INFO = NO;
				SDKROOT = iphoneos;
				VALIDATE_PRODUCT = YES;
			};
			name = Release;
		};
		0091293A1F5DBE890030D872 /* Debug */ = {
			isa = XCBuildConfiguration;
			buildSettings = {
				ASSETCATALOG_COMPILER_APPICON_NAME = AppIcon;
				INFOPLIST_FILE = IDLocalizationManagerDemo/Info.plist;
				LD_RUNPATH_SEARCH_PATHS = "$(inherited) @executable_path/Frameworks";
				PRODUCT_BUNDLE_IDENTIFIER = app.insanelydeepak.IDLocalizationManagerDemo;
				PRODUCT_NAME = "$(TARGET_NAME)";
			};
			name = Debug;
		};
		0091293B1F5DBE890030D872 /* Release */ = {
			isa = XCBuildConfiguration;
			buildSettings = {
				ASSETCATALOG_COMPILER_APPICON_NAME = AppIcon;
				INFOPLIST_FILE = IDLocalizationManagerDemo/Info.plist;
				LD_RUNPATH_SEARCH_PATHS = "$(inherited) @executable_path/Frameworks";
				PRODUCT_BUNDLE_IDENTIFIER = app.insanelydeepak.IDLocalizationManagerDemo;
				PRODUCT_NAME = "$(TARGET_NAME)";
			};
			name = Release;
		};
/* End XCBuildConfiguration section */

/* Begin XCConfigurationList section */
		0091291D1F5DBE880030D872 /* Build configuration list for PBXProject "IDLocalizationManagerDemo" */ = {
			isa = XCConfigurationList;
			buildConfigurations = (
				009129371F5DBE890030D872 /* Debug */,
				009129381F5DBE890030D872 /* Release */,
			);
			defaultConfigurationIsVisible = 0;
			defaultConfigurationName = Release;
		};
		009129391F5DBE890030D872 /* Build configuration list for PBXNativeTarget "IDLocalizationManagerDemo" */ = {
			isa = XCConfigurationList;
			buildConfigurations = (
				0091293A1F5DBE890030D872 /* Debug */,
				0091293B1F5DBE890030D872 /* Release */,
			);
			defaultConfigurationIsVisible = 0;
			defaultConfigurationName = Release;
		};
/* End XCConfigurationList section */
	};
	rootObject = 0091291A1F5DBE880030D872 /* Project object */;
}
